
Microsoft Visual Studio Solution File, Format Version 12.00
# Visual Studio Version 16
VisualStudioVersion = 16.0.31702.278
MinimumVisualStudioVersion = 10.0.40219.1
Project("{FAE04EC0-301F-11D3-BF4B-00C04F79EFBC}") = "Lab1", "Lab1.csproj", "{B05F009E-00A6-4743-AB78-ADD0234DD554}"
EndProject
Global
	GlobalSection(SolutionConfigurationPlatforms) = preSolution
		Debug|Any CPU = Debug|Any CPU
		Release|Any CPU = Release|Any CPU
	EndGlobalSection
	GlobalSection(ProjectConfigurationPlatforms) = postSolution
		{B05F009E-00A6-4743-AB78-ADD0234DD554}.Debug|Any CPU.ActiveCfg = Debug|Any CPU
		{B05F009E-00A6-4743-AB78-ADD0234DD554}.Debug|Any CPU.Build.0 = Debug|Any CPU
		{B05F009E-00A6-4743-AB78-ADD0234DD554}.Release|Any CPU.ActiveCfg = Release|Any CPU
		{B05F009E-00A6-4743-AB78-ADD0234DD554}.Release|Any CPU.Build.0 = Release|Any CPU
	EndGlobalSection
	GlobalSection(SolutionProperties) = preSolution
		HideSolutionNode = FALSE
	EndGlobalSection
	GlobalSection(ExtensibilityGlobals) = postSolution
		SolutionGuid = {E0C224A4-6EE1-4031-8AC9-0EDFCAE489E6}
	EndGlobalSection
EndGlobal
